<?xml version="1.0" encoding="utf-8"?>
<Project ToolsVersion="16.0" xmlns="http://schemas.microsoft.com/developer/msbuild/2003">
  <ItemGroup>
    <ClCompile Include="..\tjbench.c">
      <Filter>Source Files</Filter>
    </ClCompile>
    <ClCompile Include="..\tjutil.c">
      <Filter>Source Files</Filter>
    </ClCompile>
  </ItemGroup>
  <ItemGroup>
    <Filter Include="Source Files">
      <UniqueIdentifier>{68D837FA-75C8-3B0C-9E3E-83E8B61373F7}</UniqueIdentifier>
    </Filter>
  </ItemGroup>
</Project>